# This file is generated by running "yarn install" inside your project.
# Manual changes might be lost - proceed with caution!

__metadata:
  version: 8
  cacheKey: 10c0

"@babel/code-frame@npm:^7.0.0":
  version: 7.27.1
  resolution: "@babel/code-frame@npm:7.27.1"
  dependencies:
    "@babel/helper-validator-identifier": "npm:^7.27.1"
    js-tokens: "npm:^4.0.0"
    picocolors: "npm:^1.1.1"
  checksum: 10c0/5dd9a18baa5fce4741ba729acc3a3272c49c25cb8736c4b18e113099520e7ef7b545a4096a26d600e4416157e63e87d66db46aa3fbf0a5f2286da2705c12da00
  languageName: node
  linkType: hard

"@babel/helper-validator-identifier@npm:^7.27.1":
  version: 7.27.1
  resolution: "@babel/helper-validator-identifier@npm:7.27.1"
  checksum: 10c0/c558f11c4871d526498e49d07a84752d1800bf72ac0d3dad100309a2eaba24efbf56ea59af5137ff15e3a00280ebe588560534b0e894a4750f8b1411d8f78b84
  languageName: node
  linkType: hard

"@inquirer/checkbox@npm:^4.1.8":
  version: 4.1.8
  resolution: "@inquirer/checkbox@npm:4.1.8"
  dependencies:
    "@inquirer/core": "npm:^10.1.13"
    "@inquirer/figures": "npm:^1.0.12"
    "@inquirer/type": "npm:^3.0.7"
    ansi-escapes: "npm:^4.3.2"
    yoctocolors-cjs: "npm:^2.1.2"
  peerDependencies:
    "@types/node": ">=18"
  peerDependenciesMeta:
    "@types/node":
      optional: true
  checksum: 10c0/6d726420b179c55b2f0001aaf6e339fa56e9e939afcbda31c386ab2e5d029ef6f2d392ec99c6a6950af1776a399791bbb88a635e4d047f1170b2ed8c5bba1e4c
  languageName: node
  linkType: hard

"@inquirer/confirm@npm:^5.1.12":
  version: 5.1.12
  resolution: "@inquirer/confirm@npm:5.1.12"
  dependencies:
    "@inquirer/core": "npm:^10.1.13"
    "@inquirer/type": "npm:^3.0.7"
  peerDependencies:
    "@types/node": ">=18"
  peerDependenciesMeta:
    "@types/node":
      optional: true
  checksum: 10c0/581aedfe8ce45e177fb4470a12f874f5162a4396636bf4140edc5812ffc8ed0d1fa7e9bbc3a7af618203089a084f489e0b32112947eedc6930a766fad992449e
  languageName: node
  linkType: hard

"@inquirer/core@npm:^10.1.13":
  version: 10.1.13
  resolution: "@inquirer/core@npm:10.1.13"
  dependencies:
    "@inquirer/figures": "npm:^1.0.12"
    "@inquirer/type": "npm:^3.0.7"
    ansi-escapes: "npm:^4.3.2"
    cli-width: "npm:^4.1.0"
    mute-stream: "npm:^2.0.0"
    signal-exit: "npm:^4.1.0"
    wrap-ansi: "npm:^6.2.0"
    yoctocolors-cjs: "npm:^2.1.2"
  peerDependencies:
    "@types/node": ">=18"
  peerDependenciesMeta:
    "@types/node":
      optional: true
  checksum: 10c0/919208a31307297d5a07a44b9ebe69a999ce1470b31a2e1b5a04538bc36624d2053808cd6c677637a61690af09bdbdd635bd7031b64e3dd86c5b18df3ca7c3f9
  languageName: node
  linkType: hard

"@inquirer/editor@npm:^4.2.13":
  version: 4.2.13
  resolution: "@inquirer/editor@npm:4.2.13"
  dependencies:
    "@inquirer/core": "npm:^10.1.13"
    "@inquirer/type": "npm:^3.0.7"
    external-editor: "npm:^3.1.0"
  peerDependencies:
    "@types/node": ">=18"
  peerDependenciesMeta:
    "@types/node":
      optional: true
  checksum: 10c0/e1a27d75f737d7847905c14cf04d66d864eeb0f3e4cb2d36e34b51993741c5b70c22754171820c5d880a740765471455a8a98874285fd4a10b162342898f6c6b
  languageName: node
  linkType: hard

"@inquirer/expand@npm:^4.0.15":
  version: 4.0.15
  resolution: "@inquirer/expand@npm:4.0.15"
  dependencies:
    "@inquirer/core": "npm:^10.1.13"
    "@inquirer/type": "npm:^3.0.7"
    yoctocolors-cjs: "npm:^2.1.2"
  peerDependencies:
    "@types/node": ">=18"
  peerDependenciesMeta:
    "@types/node":
      optional: true
  checksum: 10c0/d558e367995a38a31d830de45d1e6831b73a798d6076c7fc8bdb639d3fac947a5d15810f7336b45c7712fc0e21fe8a2728f7f594550a20b6b4a839a18f9086cb
  languageName: node
  linkType: hard

"@inquirer/figures@npm:^1.0.12":
  version: 1.0.12
  resolution: "@inquirer/figures@npm:1.0.12"
  checksum: 10c0/08694288bdf9aa474571ca94272113a5ac443229519ce71447eba9eb7d5a2007901bdc3e92216d929a69746dcbac29683886c20e67b7864a7c7f6c59b99d3269
  languageName: node
  linkType: hard

"@inquirer/input@npm:^4.1.12":
  version: 4.1.12
  resolution: "@inquirer/input@npm:4.1.12"
  dependencies:
    "@inquirer/core": "npm:^10.1.13"
    "@inquirer/type": "npm:^3.0.7"
  peerDependencies:
    "@types/node": ">=18"
  peerDependenciesMeta:
    "@types/node":
      optional: true
  checksum: 10c0/17b59547432f54a18ec573fde96c2c13c827f04faf694fc58239ec97e993ac6af151ed2a0521029c9199a4f422742dbe5dc23c20705748eafdc7dd26c7adca3a
  languageName: node
  linkType: hard

"@inquirer/number@npm:^3.0.15":
  version: 3.0.15
  resolution: "@inquirer/number@npm:3.0.15"
  dependencies:
    "@inquirer/core": "npm:^10.1.13"
    "@inquirer/type": "npm:^3.0.7"
  peerDependencies:
    "@types/node": ">=18"
  peerDependenciesMeta:
    "@types/node":
      optional: true
  checksum: 10c0/724fc0d10611a0a9ea43280a94ed9194b8bb22d9a2af940eb37592d0cebc9e6e219edc4f79d8c176f53fd1b078543a9e4773037c7bde4b8d929a3034406eec90
  languageName: node
  linkType: hard

"@inquirer/password@npm:^4.0.15":
  version: 4.0.15
  resolution: "@inquirer/password@npm:4.0.15"
  dependencies:
    "@inquirer/core": "npm:^10.1.13"
    "@inquirer/type": "npm:^3.0.7"
    ansi-escapes: "npm:^4.3.2"
  peerDependencies:
    "@types/node": ">=18"
  peerDependenciesMeta:
    "@types/node":
      optional: true
  checksum: 10c0/673d7c33dd0ee951c96f349d4fb66f8762f31c62188546da4d7af544202b638eecef6b8c78e62f43a46c72a5fa0712d94a56ed56f12e1badbb1001128bc991bd
  languageName: node
  linkType: hard

"@inquirer/prompts@npm:^7.5.3":
  version: 7.5.3
  resolution: "@inquirer/prompts@npm:7.5.3"
  dependencies:
    "@inquirer/checkbox": "npm:^4.1.8"
    "@inquirer/confirm": "npm:^5.1.12"
    "@inquirer/editor": "npm:^4.2.13"
    "@inquirer/expand": "npm:^4.0.15"
    "@inquirer/input": "npm:^4.1.12"
    "@inquirer/number": "npm:^3.0.15"
    "@inquirer/password": "npm:^4.0.15"
    "@inquirer/rawlist": "npm:^4.1.3"
    "@inquirer/search": "npm:^3.0.15"
    "@inquirer/select": "npm:^4.2.3"
  peerDependencies:
    "@types/node": ">=18"
  peerDependenciesMeta:
    "@types/node":
      optional: true
  checksum: 10c0/14ba6f4a3bf1610d7c46399cd8367db8da1ab8c051ab7ff55003a5b36b5121429e3995e202c08156b7b6e7d4d9d032f39add98764c5ae3a7b4b657eb4926137f
  languageName: node
  linkType: hard

"@inquirer/rawlist@npm:^4.1.3":
  version: 4.1.3
  resolution: "@inquirer/rawlist@npm:4.1.3"
  dependencies:
    "@inquirer/core": "npm:^10.1.13"
    "@inquirer/type": "npm:^3.0.7"
    yoctocolors-cjs: "npm:^2.1.2"
  peerDependencies:
    "@types/node": ">=18"
  peerDependenciesMeta:
    "@types/node":
      optional: true
  checksum: 10c0/d653e730188e6849df540186cf7cb0f37f06c64d03f075b5a617145671fb015c27aeb60adb003d1a05a925795968efff0a3ae5a737a8d04c5679aa6fdc423662
  languageName: node
  linkType: hard

"@inquirer/search@npm:^3.0.15":
  version: 3.0.15
  resolution: "@inquirer/search@npm:3.0.15"
  dependencies:
    "@inquirer/core": "npm:^10.1.13"
    "@inquirer/figures": "npm:^1.0.12"
    "@inquirer/type": "npm:^3.0.7"
    yoctocolors-cjs: "npm:^2.1.2"
  peerDependencies:
    "@types/node": ">=18"
  peerDependenciesMeta:
    "@types/node":
      optional: true
  checksum: 10c0/32b29789e72e53a7b6cfdbc1803bd9e466c424d9f0368a145bef9e25c6fbde72af29cdd4667a785fee79de213f11fa76453f8120ea02ac5158dce259565ce7fd
  languageName: node
  linkType: hard

"@inquirer/select@npm:^4.2.3":
  version: 4.2.3
  resolution: "@inquirer/select@npm:4.2.3"
  dependencies:
    "@inquirer/core": "npm:^10.1.13"
    "@inquirer/figures": "npm:^1.0.12"
    "@inquirer/type": "npm:^3.0.7"
    ansi-escapes: "npm:^4.3.2"
    yoctocolors-cjs: "npm:^2.1.2"
  peerDependencies:
    "@types/node": ">=18"
  peerDependenciesMeta:
    "@types/node":
      optional: true
  checksum: 10c0/376535f50a9c2e19e27a5c81930cd1b5afa0b7d86228e5789782955a2d0a89bf5a8890a97943042e1b393094fe236ce97c9ff4bb777c9b44b22c1424f883b063
  languageName: node
  linkType: hard

"@inquirer/type@npm:^3.0.7":
  version: 3.0.7
  resolution: "@inquirer/type@npm:3.0.7"
  peerDependencies:
    "@types/node": ">=18"
  peerDependenciesMeta:
    "@types/node":
      optional: true
  checksum: 10c0/bbaa33c274a10f70d3a587264e1db6dbfcd8c1458d595c54870d1d5b3fc113ab5063203ec12a098485bb9e2fcef1a87d8c6ecd2a6d44ddc575f5c4715379be5e
  languageName: node
  linkType: hard

"@types/minimist@npm:^1.2.2":
  version: 1.2.5
  resolution: "@types/minimist@npm:1.2.5"
  checksum: 10c0/3f791258d8e99a1d7d0ca2bda1ca6ea5a94e5e7b8fc6cde84dd79b0552da6fb68ade750f0e17718f6587783c24254bbca0357648dd59dc3812c150305cabdc46
  languageName: node
  linkType: hard

"@types/node@npm:^24.0.4":
  version: 24.0.4
  resolution: "@types/node@npm:24.0.4"
  dependencies:
    undici-types: "npm:~7.8.0"
  checksum: 10c0/590e8cb0ec59fb9cd566402120e690d87ecbdf57f1ee2b8493266121ed33aa4b25949a0c6156b84a6ffb9250baaf1f80e9af142da542ed603e6ee73fc4d1115f
  languageName: node
  linkType: hard

"@types/normalize-package-data@npm:^2.4.0":
  version: 2.4.4
  resolution: "@types/normalize-package-data@npm:2.4.4"
  checksum: 10c0/aef7bb9b015883d6f4119c423dd28c4bdc17b0e8a0ccf112c78b4fe0e91fbc4af7c6204b04bba0e199a57d2f3fbbd5b4a14bf8739bf9d2a39b2a0aad545e0f86
  languageName: node
  linkType: hard

"ansi-escapes@npm:^4.3.2":
  version: 4.3.2
  resolution: "ansi-escapes@npm:4.3.2"
  dependencies:
    type-fest: "npm:^0.21.3"
  checksum: 10c0/da917be01871525a3dfcf925ae2977bc59e8c513d4423368645634bf5d4ceba5401574eb705c1e92b79f7292af5a656f78c5725a4b0e1cec97c4b413705c1d50
  languageName: node
  linkType: hard

"ansi-regex@npm:^5.0.1":
  version: 5.0.1
  resolution: "ansi-regex@npm:5.0.1"
  checksum: 10c0/9a64bb8627b434ba9327b60c027742e5d17ac69277960d041898596271d992d4d52ba7267a63ca10232e29f6107fc8a835f6ce8d719b88c5f8493f8254813737
  languageName: node
  linkType: hard

"ansi-styles@npm:^4.0.0":
  version: 4.3.0
  resolution: "ansi-styles@npm:4.3.0"
  dependencies:
    color-convert: "npm:^2.0.1"
  checksum: 10c0/895a23929da416f2bd3de7e9cb4eabd340949328ab85ddd6e484a637d8f6820d485f53933446f5291c3b760cbc488beb8e88573dd0f9c7daf83dccc8fe81b041
  languageName: node
  linkType: hard

"arrify@npm:^1.0.1":
  version: 1.0.1
  resolution: "arrify@npm:1.0.1"
  checksum: 10c0/c35c8d1a81bcd5474c0c57fe3f4bad1a4d46a5fa353cedcff7a54da315df60db71829e69104b859dff96c5d68af46bd2be259fe5e50dc6aa9df3b36bea0383ab
  languageName: node
  linkType: hard

"asynckit@npm:^0.4.0":
  version: 0.4.0
  resolution: "asynckit@npm:0.4.0"
  checksum: 10c0/d73e2ddf20c4eb9337e1b3df1a0f6159481050a5de457c55b14ea2e5cb6d90bb69e004c9af54737a5ee0917fcf2c9e25de67777bbe58261847846066ba75bc9d
  languageName: node
  linkType: hard

"axios@npm:^1.4.0":
  version: 1.10.0
  resolution: "axios@npm:1.10.0"
  dependencies:
    follow-redirects: "npm:^1.15.6"
    form-data: "npm:^4.0.0"
    proxy-from-env: "npm:^1.1.0"
  checksum: 10c0/2239cb269cc789eac22f5d1aabd58e1a83f8f364c92c2caa97b6f5cbb4ab2903d2e557d9dc670b5813e9bcdebfb149e783fb8ab3e45098635cd2f559b06bd5d8
  languageName: node
  linkType: hard

"bottleneck@npm:^2.19.5":
  version: 2.19.5
  resolution: "bottleneck@npm:2.19.5"
  checksum: 10c0/b0f72e45b2e0f56a21ba720183f16bef8e693452fb0495d997fa354e42904353a94bd8fd429868e6751bc85e54b6755190519eed5a0ae0a94a5185209ae7c6d0
  languageName: node
  linkType: hard

"call-bind-apply-helpers@npm:^1.0.1, call-bind-apply-helpers@npm:^1.0.2":
  version: 1.0.2
  resolution: "call-bind-apply-helpers@npm:1.0.2"
  dependencies:
    es-errors: "npm:^1.3.0"
    function-bind: "npm:^1.1.2"
  checksum: 10c0/47bd9901d57b857590431243fea704ff18078b16890a6b3e021e12d279bbf211d039155e27d7566b374d49ee1f8189344bac9833dec7a20cdec370506361c938
  languageName: node
  linkType: hard

"camelcase-keys@npm:^7.0.0":
  version: 7.0.2
  resolution: "camelcase-keys@npm:7.0.2"
  dependencies:
    camelcase: "npm:^6.3.0"
    map-obj: "npm:^4.1.0"
    quick-lru: "npm:^5.1.1"
    type-fest: "npm:^1.2.1"
  checksum: 10c0/ae86a51168643e9e8a2f2c7bfa17850729979ec3dafc5253056a7d97931cbb0e3ef5b4185e59d54b7a56c54405dee2874b0c82033498d8626e512ff9034cb05c
  languageName: node
  linkType: hard

"camelcase@npm:^4.1.0":
  version: 4.1.0
  resolution: "camelcase@npm:4.1.0"
  checksum: 10c0/54c0b6a85b54fb4e96a9d834a9d0d8f760fd608ab6752a6789042b5e1c38d3dd60f878d2c590d005046445d32d77f6e05e568a91fe8db3e282da0a1560d83058
  languageName: node
  linkType: hard

"camelcase@npm:^6.3.0":
  version: 6.3.0
  resolution: "camelcase@npm:6.3.0"
  checksum: 10c0/0d701658219bd3116d12da3eab31acddb3f9440790c0792e0d398f0a520a6a4058018e546862b6fba89d7ae990efaeb97da71e1913e9ebf5a8b5621a3d55c710
  languageName: node
  linkType: hard

"chardet@npm:^0.7.0":
  version: 0.7.0
  resolution: "chardet@npm:0.7.0"
  checksum: 10c0/96e4731b9ec8050cbb56ab684e8c48d6c33f7826b755802d14e3ebfdc51c57afeece3ea39bc6b09acc359e4363525388b915e16640c1378053820f5e70d0f27d
  languageName: node
  linkType: hard

"cli-width@npm:^4.1.0":
  version: 4.1.0
  resolution: "cli-width@npm:4.1.0"
  checksum: 10c0/1fbd56413578f6117abcaf858903ba1f4ad78370a4032f916745fa2c7e390183a9d9029cf837df320b0fdce8137668e522f60a30a5f3d6529ff3872d265a955f
  languageName: node
  linkType: hard

"color-convert@npm:^2.0.1":
  version: 2.0.1
  resolution: "color-convert@npm:2.0.1"
  dependencies:
    color-name: "npm:~1.1.4"
  checksum: 10c0/37e1150172f2e311fe1b2df62c6293a342ee7380da7b9cfdba67ea539909afbd74da27033208d01d6d5cfc65ee7868a22e18d7e7648e004425441c0f8a15a7d7
  languageName: node
  linkType: hard

"color-name@npm:~1.1.4":
  version: 1.1.4
  resolution: "color-name@npm:1.1.4"
  checksum: 10c0/a1a3f914156960902f46f7f56bc62effc6c94e84b2cae157a526b1c1f74b677a47ec602bf68a61abfa2b42d15b7c5651c6dbe72a43af720bc588dff885b10f95
  languageName: node
  linkType: hard

"combined-stream@npm:^1.0.8":
  version: 1.0.8
  resolution: "combined-stream@npm:1.0.8"
  dependencies:
    delayed-stream: "npm:~1.0.0"
  checksum: 10c0/0dbb829577e1b1e839fa82b40c07ffaf7de8a09b935cadd355a73652ae70a88b4320db322f6634a4ad93424292fa80973ac6480986247f1734a1137debf271d5
  languageName: node
  linkType: hard

"csv-parser@npm:^3.2.0":
  version: 3.2.0
  resolution: "csv-parser@npm:3.2.0"
  bin:
    csv-parser: bin/csv-parser
  checksum: 10c0/650769916607dae9679187803c71ef70d3b724cfb18e4adff187167b282faf18ac7c14a318c4ea6e92ae3483d3ed4b8d92ff213e77979e3049a5c0029034ac65
  languageName: node
  linkType: hard

"decamelize-keys@npm:^1.1.0":
  version: 1.1.1
  resolution: "decamelize-keys@npm:1.1.1"
  dependencies:
    decamelize: "npm:^1.1.0"
    map-obj: "npm:^1.0.0"
  checksum: 10c0/4ca385933127437658338c65fb9aead5f21b28d3dd3ccd7956eb29aab0953b5d3c047fbc207111672220c71ecf7a4d34f36c92851b7bbde6fca1a02c541bdd7d
  languageName: node
  linkType: hard

"decamelize@npm:^1.1.0":
  version: 1.2.0
  resolution: "decamelize@npm:1.2.0"
  checksum: 10c0/85c39fe8fbf0482d4a1e224ef0119db5c1897f8503bcef8b826adff7a1b11414972f6fef2d7dec2ee0b4be3863cf64ac1439137ae9e6af23a3d8dcbe26a5b4b2
  languageName: node
  linkType: hard

"decamelize@npm:^5.0.0":
  version: 5.0.1
  resolution: "decamelize@npm:5.0.1"
  checksum: 10c0/3da71022bc1e85487810fa0833138effb599fa331ca21e179650e93a765d0c4dabeb1ecdd6ad1474fa0bacd2457953c63ea335afb6e53b35f2b4bf779514e2a3
  languageName: node
  linkType: hard

"delayed-stream@npm:~1.0.0":
  version: 1.0.0
  resolution: "delayed-stream@npm:1.0.0"
  checksum: 10c0/d758899da03392e6712f042bec80aa293bbe9e9ff1b2634baae6a360113e708b91326594c8a486d475c69d6259afb7efacdc3537bfcda1c6c648e390ce601b19
  languageName: node
  linkType: hard

"dunder-proto@npm:^1.0.1":
  version: 1.0.1
  resolution: "dunder-proto@npm:1.0.1"
  dependencies:
    call-bind-apply-helpers: "npm:^1.0.1"
    es-errors: "npm:^1.3.0"
    gopd: "npm:^1.2.0"
  checksum: 10c0/199f2a0c1c16593ca0a145dbf76a962f8033ce3129f01284d48c45ed4e14fea9bbacd7b3610b6cdc33486cef20385ac054948fefc6272fcce645c09468f93031
  languageName: node
  linkType: hard

"emoji-regex@npm:^8.0.0":
  version: 8.0.0
  resolution: "emoji-regex@npm:8.0.0"
  checksum: 10c0/b6053ad39951c4cf338f9092d7bfba448cdfd46fe6a2a034700b149ac9ffbc137e361cbd3c442297f86bed2e5f7576c1b54cc0a6bf8ef5106cc62f496af35010
  languageName: node
  linkType: hard

"error-ex@npm:^1.3.1":
  version: 1.3.2
  resolution: "error-ex@npm:1.3.2"
  dependencies:
    is-arrayish: "npm:^0.2.1"
  checksum: 10c0/ba827f89369b4c93382cfca5a264d059dfefdaa56ecc5e338ffa58a6471f5ed93b71a20add1d52290a4873d92381174382658c885ac1a2305f7baca363ce9cce
  languageName: node
  linkType: hard

"es-define-property@npm:^1.0.1":
  version: 1.0.1
  resolution: "es-define-property@npm:1.0.1"
  checksum: 10c0/3f54eb49c16c18707949ff25a1456728c883e81259f045003499efba399c08bad00deebf65cccde8c0e07908c1a225c9d472b7107e558f2a48e28d530e34527c
  languageName: node
  linkType: hard

"es-errors@npm:^1.3.0":
  version: 1.3.0
  resolution: "es-errors@npm:1.3.0"
  checksum: 10c0/0a61325670072f98d8ae3b914edab3559b6caa980f08054a3b872052640d91da01d38df55df797fcc916389d77fc92b8d5906cf028f4db46d7e3003abecbca85
  languageName: node
  linkType: hard

"es-object-atoms@npm:^1.0.0, es-object-atoms@npm:^1.1.1":
  version: 1.1.1
  resolution: "es-object-atoms@npm:1.1.1"
  dependencies:
    es-errors: "npm:^1.3.0"
  checksum: 10c0/65364812ca4daf48eb76e2a3b7a89b3f6a2e62a1c420766ce9f692665a29d94fe41fe88b65f24106f449859549711e4b40d9fb8002d862dfd7eb1c512d10be0c
  languageName: node
  linkType: hard

"es-set-tostringtag@npm:^2.1.0":
  version: 2.1.0
  resolution: "es-set-tostringtag@npm:2.1.0"
  dependencies:
    es-errors: "npm:^1.3.0"
    get-intrinsic: "npm:^1.2.6"
    has-tostringtag: "npm:^1.0.2"
    hasown: "npm:^2.0.2"
  checksum: 10c0/ef2ca9ce49afe3931cb32e35da4dcb6d86ab02592cfc2ce3e49ced199d9d0bb5085fc7e73e06312213765f5efa47cc1df553a6a5154584b21448e9fb8355b1af
  languageName: node
  linkType: hard

"external-editor@npm:^3.1.0":
  version: 3.1.0
  resolution: "external-editor@npm:3.1.0"
  dependencies:
    chardet: "npm:^0.7.0"
    iconv-lite: "npm:^0.4.24"
    tmp: "npm:^0.0.33"
  checksum: 10c0/c98f1ba3efdfa3c561db4447ff366a6adb5c1e2581462522c56a18bf90dfe4da382f9cd1feee3e330108c3595a854b218272539f311ba1b3298f841eb0fbf339
  languageName: node
  linkType: hard

"fast-fuzzy@npm:^1.12.0":
  version: 1.12.0
  resolution: "fast-fuzzy@npm:1.12.0"
  dependencies:
    graphemesplit: "npm:^2.4.1"
  checksum: 10c0/c4adb03b21472b655414c9cb4680f217790ae641a9974148f55f7778da9a2cac26325996073b1082f76da5ab0f11f845122a6f717a5a99329c17e12ba625f3d6
  languageName: node
  linkType: hard

"find-up@npm:^5.0.0":
  version: 5.0.0
  resolution: "find-up@npm:5.0.0"
  dependencies:
    locate-path: "npm:^6.0.0"
    path-exists: "npm:^4.0.0"
  checksum: 10c0/062c5a83a9c02f53cdd6d175a37ecf8f87ea5bbff1fdfb828f04bfa021441bc7583e8ebc0872a4c1baab96221fb8a8a275a19809fb93fbc40bd69ec35634069a
  languageName: node
  linkType: hard

"follow-redirects@npm:^1.15.6":
  version: 1.15.9
  resolution: "follow-redirects@npm:1.15.9"
  peerDependenciesMeta:
    debug:
      optional: true
  checksum: 10c0/5829165bd112c3c0e82be6c15b1a58fa9dcfaede3b3c54697a82fe4a62dd5ae5e8222956b448d2f98e331525f05d00404aba7d696de9e761ef6e42fdc780244f
  languageName: node
  linkType: hard

"form-data@npm:^4.0.0":
  version: 4.0.3
  resolution: "form-data@npm:4.0.3"
  dependencies:
    asynckit: "npm:^0.4.0"
    combined-stream: "npm:^1.0.8"
    es-set-tostringtag: "npm:^2.1.0"
    hasown: "npm:^2.0.2"
    mime-types: "npm:^2.1.12"
  checksum: 10c0/f0cf45873d600110b5fadf5804478377694f73a1ed97aaa370a74c90cebd7fe6e845a081171668a5476477d0d55a73a4e03d6682968fa8661eac2a81d651fcdb
  languageName: node
  linkType: hard

"function-bind@npm:^1.1.2":
  version: 1.1.2
  resolution: "function-bind@npm:1.1.2"
  checksum: 10c0/d8680ee1e5fcd4c197e4ac33b2b4dce03c71f4d91717292785703db200f5c21f977c568d28061226f9b5900cbcd2c84463646134fd5337e7925e0942bc3f46d5
  languageName: node
  linkType: hard

"get-intrinsic@npm:^1.2.6":
  version: 1.3.0
  resolution: "get-intrinsic@npm:1.3.0"
  dependencies:
    call-bind-apply-helpers: "npm:^1.0.2"
    es-define-property: "npm:^1.0.1"
    es-errors: "npm:^1.3.0"
    es-object-atoms: "npm:^1.1.1"
    function-bind: "npm:^1.1.2"
    get-proto: "npm:^1.0.1"
    gopd: "npm:^1.2.0"
    has-symbols: "npm:^1.1.0"
    hasown: "npm:^2.0.2"
    math-intrinsics: "npm:^1.1.0"
  checksum: 10c0/52c81808af9a8130f581e6a6a83e1ba4a9f703359e7a438d1369a5267a25412322f03dcbd7c549edaef0b6214a0630a28511d7df0130c93cfd380f4fa0b5b66a
  languageName: node
  linkType: hard

"get-proto@npm:^1.0.1":
  version: 1.0.1
  resolution: "get-proto@npm:1.0.1"
  dependencies:
    dunder-proto: "npm:^1.0.1"
    es-object-atoms: "npm:^1.0.0"
  checksum: 10c0/9224acb44603c5526955e83510b9da41baf6ae73f7398875fba50edc5e944223a89c4a72b070fcd78beb5f7bdda58ecb6294adc28f7acfc0da05f76a2399643c
  languageName: node
  linkType: hard

"gopd@npm:^1.2.0":
  version: 1.2.0
  resolution: "gopd@npm:1.2.0"
  checksum: 10c0/50fff1e04ba2b7737c097358534eacadad1e68d24cccee3272e04e007bed008e68d2614f3987788428fd192a5ae3889d08fb2331417e4fc4a9ab366b2043cead
  languageName: node
  linkType: hard

"graphemesplit@npm:^2.4.1":
  version: 2.6.0
  resolution: "graphemesplit@npm:2.6.0"
  dependencies:
    js-base64: "npm:^3.6.0"
    unicode-trie: "npm:^2.0.0"
  checksum: 10c0/da90b1ec5dc82f8b70dac251573f44fe341d6c63aa02e2098cbc7678dec450397733de9069746461c97bd686a41775dda2deaed9d26348e5c97e5ebae470116c
  languageName: node
  linkType: hard

"hard-rejection@npm:^2.1.0":
  version: 2.1.0
  resolution: "hard-rejection@npm:2.1.0"
  checksum: 10c0/febc3343a1ad575aedcc112580835b44a89a89e01f400b4eda6e8110869edfdab0b00cd1bd4c3bfec9475a57e79e0b355aecd5be46454b6a62b9a359af60e564
  languageName: node
  linkType: hard

"has-symbols@npm:^1.0.3, has-symbols@npm:^1.1.0":
  version: 1.1.0
  resolution: "has-symbols@npm:1.1.0"
  checksum: 10c0/dde0a734b17ae51e84b10986e651c664379018d10b91b6b0e9b293eddb32f0f069688c841fb40f19e9611546130153e0a2a48fd7f512891fb000ddfa36f5a20e
  languageName: node
  linkType: hard

"has-tostringtag@npm:^1.0.2":
  version: 1.0.2
  resolution: "has-tostringtag@npm:1.0.2"
  dependencies:
    has-symbols: "npm:^1.0.3"
  checksum: 10c0/a8b166462192bafe3d9b6e420a1d581d93dd867adb61be223a17a8d6dad147aa77a8be32c961bb2f27b3ef893cae8d36f564ab651f5e9b7938ae86f74027c48c
  languageName: node
  linkType: hard

"hasown@npm:^2.0.2":
  version: 2.0.2
  resolution: "hasown@npm:2.0.2"
  dependencies:
    function-bind: "npm:^1.1.2"
  checksum: 10c0/3769d434703b8ac66b209a4cca0737519925bbdb61dd887f93a16372b14694c63ff4e797686d87c90f08168e81082248b9b028bad60d4da9e0d1148766f56eb9
  languageName: node
  linkType: hard

"hosted-git-info@npm:^4.0.1":
  version: 4.1.0
  resolution: "hosted-git-info@npm:4.1.0"
  dependencies:
    lru-cache: "npm:^6.0.0"
  checksum: 10c0/150fbcb001600336d17fdbae803264abed013548eea7946c2264c49ebe2ebd8c4441ba71dd23dd8e18c65de79d637f98b22d4760ba5fb2e0b15d62543d0fff07
  languageName: node
  linkType: hard

"iconv-lite@npm:^0.4.24":
  version: 0.4.24
  resolution: "iconv-lite@npm:0.4.24"
  dependencies:
    safer-buffer: "npm:>= 2.1.2 < 3"
  checksum: 10c0/c6886a24cc00f2a059767440ec1bc00d334a89f250db8e0f7feb4961c8727118457e27c495ba94d082e51d3baca378726cd110aaf7ded8b9bbfd6a44760cf1d4
  languageName: node
  linkType: hard

"indent-string@npm:^5.0.0":
  version: 5.0.0
  resolution: "indent-string@npm:5.0.0"
  checksum: 10c0/8ee77b57d92e71745e133f6f444d6fa3ed503ad0e1bcd7e80c8da08b42375c07117128d670589725ed07b1978065803fa86318c309ba45415b7fe13e7f170220
  languageName: node
  linkType: hard

"infobox-parser@npm:^3.6.2":
  version: 3.6.4
  resolution: "infobox-parser@npm:3.6.4"
  dependencies:
    camelcase: "npm:^4.1.0"
  checksum: 10c0/1595db38ef274b2ebfef0f0e5b3e389f2349c3c2418735b52ea7805fdf592d1fa1befe2d551e7d83f4cd7318b51cb08252d5e36c01989de42ab49cabfe364cc4
  languageName: node
  linkType: hard

"is-arrayish@npm:^0.2.1":
  version: 0.2.1
  resolution: "is-arrayish@npm:0.2.1"
  checksum: 10c0/e7fb686a739068bb70f860b39b67afc62acc62e36bb61c5f965768abce1873b379c563e61dd2adad96ebb7edf6651111b385e490cf508378959b0ed4cac4e729
  languageName: node
  linkType: hard

"is-core-module@npm:^2.5.0":
  version: 2.16.1
  resolution: "is-core-module@npm:2.16.1"
  dependencies:
    hasown: "npm:^2.0.2"
  checksum: 10c0/898443c14780a577e807618aaae2b6f745c8538eca5c7bc11388a3f2dc6de82b9902bcc7eb74f07be672b11bbe82dd6a6edded44a00cb3d8f933d0459905eedd
  languageName: node
  linkType: hard

"is-fullwidth-code-point@npm:^3.0.0":
  version: 3.0.0
  resolution: "is-fullwidth-code-point@npm:3.0.0"
  checksum: 10c0/bb11d825e049f38e04c06373a8d72782eee0205bda9d908cc550ccb3c59b99d750ff9537982e01733c1c94a58e35400661f57042158ff5e8f3e90cf936daf0fc
  languageName: node
  linkType: hard

"is-plain-obj@npm:^1.1.0":
  version: 1.1.0
  resolution: "is-plain-obj@npm:1.1.0"
  checksum: 10c0/daaee1805add26f781b413fdf192fc91d52409583be30ace35c82607d440da63cc4cac0ac55136716688d6c0a2c6ef3edb2254fecbd1fe06056d6bd15975ee8c
  languageName: node
  linkType: hard

"isomorphic-unfetch@npm:^3.1.0":
  version: 3.1.0
  resolution: "isomorphic-unfetch@npm:3.1.0"
  dependencies:
    node-fetch: "npm:^2.6.1"
    unfetch: "npm:^4.2.0"
  checksum: 10c0/d3b61fca06304db692b7f76bdfd3a00f410e42cfa7403c3b250546bf71589d18cf2f355922f57198e4cc4a9872d3647b20397a5c3edf1a347c90d57c83cf2a89
  languageName: node
  linkType: hard

"js-base64@npm:^3.6.0":
  version: 3.7.7
  resolution: "js-base64@npm:3.7.7"
  checksum: 10c0/3c905a7e78b601e4751b5e710edd0d6d045ce2d23eb84c9df03515371e1b291edc72808dc91e081cb9855aef6758292a2407006f4608ec3705373dd8baf2f80f
  languageName: node
  linkType: hard

"js-tokens@npm:^4.0.0":
  version: 4.0.0
  resolution: "js-tokens@npm:4.0.0"
  checksum: 10c0/e248708d377aa058eacf2037b07ded847790e6de892bbad3dac0abba2e759cb9f121b00099a65195616badcb6eca8d14d975cb3e89eb1cfda644756402c8aeed
  languageName: node
  linkType: hard

"json-parse-even-better-errors@npm:^2.3.0":
  version: 2.3.1
  resolution: "json-parse-even-better-errors@npm:2.3.1"
  checksum: 10c0/140932564c8f0b88455432e0f33c4cb4086b8868e37524e07e723f4eaedb9425bdc2bafd71bd1d9765bd15fd1e2d126972bc83990f55c467168c228c24d665f3
  languageName: node
  linkType: hard

"kind-of@npm:^6.0.3":
  version: 6.0.3
  resolution: "kind-of@npm:6.0.3"
  checksum: 10c0/61cdff9623dabf3568b6445e93e31376bee1cdb93f8ba7033d86022c2a9b1791a1d9510e026e6465ebd701a6dd2f7b0808483ad8838341ac52f003f512e0b4c4
  languageName: node
  linkType: hard

"lines-and-columns@npm:^1.1.6":
  version: 1.2.4
  resolution: "lines-and-columns@npm:1.2.4"
  checksum: 10c0/3da6ee62d4cd9f03f5dc90b4df2540fb85b352081bee77fe4bbcd12c9000ead7f35e0a38b8d09a9bb99b13223446dd8689ff3c4959807620726d788701a83d2d
  languageName: node
  linkType: hard

"locate-path@npm:^6.0.0":
  version: 6.0.0
  resolution: "locate-path@npm:6.0.0"
  dependencies:
    p-locate: "npm:^5.0.0"
  checksum: 10c0/d3972ab70dfe58ce620e64265f90162d247e87159b6126b01314dd67be43d50e96a50b517bce2d9452a79409c7614054c277b5232377de50416564a77ac7aad3
  languageName: node
  linkType: hard

"lru-cache@npm:^6.0.0":
  version: 6.0.0
  resolution: "lru-cache@npm:6.0.0"
  dependencies:
    yallist: "npm:^4.0.0"
  checksum: 10c0/cb53e582785c48187d7a188d3379c181b5ca2a9c78d2bce3e7dee36f32761d1c42983da3fe12b55cb74e1779fa94cdc2e5367c028a9b35317184ede0c07a30a9
  languageName: node
  linkType: hard

"map-obj@npm:^1.0.0":
  version: 1.0.1
  resolution: "map-obj@npm:1.0.1"
  checksum: 10c0/ccca88395e7d38671ed9f5652ecf471ecd546924be2fb900836b9da35e068a96687d96a5f93dcdfa94d9a27d649d2f10a84595590f89a347fb4dda47629dcc52
  languageName: node
  linkType: hard

"map-obj@npm:^4.1.0":
  version: 4.3.0
  resolution: "map-obj@npm:4.3.0"
  checksum: 10c0/1c19e1c88513c8abdab25c316367154c6a0a6a0f77e3e8c391bb7c0e093aefed293f539d026dc013d86219e5e4c25f23b0003ea588be2101ccd757bacc12d43b
  languageName: node
  linkType: hard

"math-intrinsics@npm:^1.1.0":
  version: 1.1.0
  resolution: "math-intrinsics@npm:1.1.0"
  checksum: 10c0/7579ff94e899e2f76ab64491d76cf606274c874d8f2af4a442c016bd85688927fcfca157ba6bf74b08e9439dc010b248ce05b96cc7c126a354c3bae7fcb48b7f
  languageName: node
  linkType: hard

"meow@npm:^10.1.1":
  version: 10.1.5
  resolution: "meow@npm:10.1.5"
  dependencies:
    "@types/minimist": "npm:^1.2.2"
    camelcase-keys: "npm:^7.0.0"
    decamelize: "npm:^5.0.0"
    decamelize-keys: "npm:^1.1.0"
    hard-rejection: "npm:^2.1.0"
    minimist-options: "npm:4.1.0"
    normalize-package-data: "npm:^3.0.2"
    read-pkg-up: "npm:^8.0.0"
    redent: "npm:^4.0.0"
    trim-newlines: "npm:^4.0.2"
    type-fest: "npm:^1.2.2"
    yargs-parser: "npm:^20.2.9"
  checksum: 10c0/a513849022edd5ddcc41d28c679d31978abe414d9db5bc457e95e537a4327b2910fd2f699cdd883293f9a5da8951a50939bf60fbd62f7fe12b9ddf96a84b1b27
  languageName: node
  linkType: hard

"mime-db@npm:1.52.0":
  version: 1.52.0
  resolution: "mime-db@npm:1.52.0"
  checksum: 10c0/0557a01deebf45ac5f5777fe7740b2a5c309c6d62d40ceab4e23da9f821899ce7a900b7ac8157d4548ddbb7beffe9abc621250e6d182b0397ec7f10c7b91a5aa
  languageName: node
  linkType: hard

"mime-types@npm:^2.1.12":
  version: 2.1.35
  resolution: "mime-types@npm:2.1.35"
  dependencies:
    mime-db: "npm:1.52.0"
  checksum: 10c0/82fb07ec56d8ff1fc999a84f2f217aa46cb6ed1033fefaabd5785b9a974ed225c90dc72fff460259e66b95b73648596dbcc50d51ed69cdf464af2d237d3149b2
  languageName: node
  linkType: hard

"min-indent@npm:^1.0.1":
  version: 1.0.1
  resolution: "min-indent@npm:1.0.1"
  checksum: 10c0/7e207bd5c20401b292de291f02913230cb1163abca162044f7db1d951fa245b174dc00869d40dd9a9f32a885ad6a5f3e767ee104cf278f399cb4e92d3f582d5c
  languageName: node
  linkType: hard

"minimist-options@npm:4.1.0":
  version: 4.1.0
  resolution: "minimist-options@npm:4.1.0"
  dependencies:
    arrify: "npm:^1.0.1"
    is-plain-obj: "npm:^1.1.0"
    kind-of: "npm:^6.0.3"
  checksum: 10c0/7871f9cdd15d1e7374e5b013e2ceda3d327a06a8c7b38ae16d9ef941e07d985e952c589e57213f7aa90a8744c60aed9524c0d85e501f5478382d9181f2763f54
  languageName: node
  linkType: hard

"mute-stream@npm:^2.0.0":
  version: 2.0.0
  resolution: "mute-stream@npm:2.0.0"
  checksum: 10c0/2cf48a2087175c60c8dcdbc619908b49c07f7adcfc37d29236b0c5c612d6204f789104c98cc44d38acab7b3c96f4a3ec2cfdc4934d0738d876dbefa2a12c69f4
  languageName: node
  linkType: hard

"node-fetch@npm:^2.6.1":
  version: 2.7.0
  resolution: "node-fetch@npm:2.7.0"
  dependencies:
    whatwg-url: "npm:^5.0.0"
  peerDependencies:
    encoding: ^0.1.0
  peerDependenciesMeta:
    encoding:
      optional: true
  checksum: 10c0/b55786b6028208e6fbe594ccccc213cab67a72899c9234eb59dba51062a299ea853210fcf526998eaa2867b0963ad72338824450905679ff0fa304b8c5093ae8
  languageName: node
  linkType: hard

"normalize-package-data@npm:^3.0.2":
  version: 3.0.3
  resolution: "normalize-package-data@npm:3.0.3"
  dependencies:
    hosted-git-info: "npm:^4.0.1"
    is-core-module: "npm:^2.5.0"
    semver: "npm:^7.3.4"
    validate-npm-package-license: "npm:^3.0.1"
  checksum: 10c0/e5d0f739ba2c465d41f77c9d950e291ea4af78f8816ddb91c5da62257c40b76d8c83278b0d08ffbcd0f187636ebddad20e181e924873916d03e6e5ea2ef026be
  languageName: node
  linkType: hard

"os-tmpdir@npm:~1.0.2":
  version: 1.0.2
  resolution: "os-tmpdir@npm:1.0.2"
  checksum: 10c0/f438450224f8e2687605a8dd318f0db694b6293c5d835ae509a69e97c8de38b6994645337e5577f5001115470414638978cc49da1cdcc25106dad8738dc69990
  languageName: node
  linkType: hard

"p-limit@npm:^3.0.2":
  version: 3.1.0
  resolution: "p-limit@npm:3.1.0"
  dependencies:
    yocto-queue: "npm:^0.1.0"
  checksum: 10c0/9db675949dbdc9c3763c89e748d0ef8bdad0afbb24d49ceaf4c46c02c77d30db4e0652ed36d0a0a7a95154335fab810d95c86153105bb73b3a90448e2bb14e1a
  languageName: node
  linkType: hard

"p-locate@npm:^5.0.0":
  version: 5.0.0
  resolution: "p-locate@npm:5.0.0"
  dependencies:
    p-limit: "npm:^3.0.2"
  checksum: 10c0/2290d627ab7903b8b70d11d384fee714b797f6040d9278932754a6860845c4d3190603a0772a663c8cb5a7b21d1b16acb3a6487ebcafa9773094edc3dfe6009a
  languageName: node
  linkType: hard

"pako@npm:^0.2.5":
  version: 0.2.9
  resolution: "pako@npm:0.2.9"
  checksum: 10c0/79c1806ebcf325b60ae599e4d7227c2e346d7b829dc20f5cf24cef07c934079dc3a61c5b3c8278a2f7a190c4a613e343ea11e5302dbe252efd11712df4b6b041
  languageName: node
  linkType: hard

"parse-json@npm:^5.2.0":
  version: 5.2.0
  resolution: "parse-json@npm:5.2.0"
  dependencies:
    "@babel/code-frame": "npm:^7.0.0"
    error-ex: "npm:^1.3.1"
    json-parse-even-better-errors: "npm:^2.3.0"
    lines-and-columns: "npm:^1.1.6"
  checksum: 10c0/77947f2253005be7a12d858aedbafa09c9ae39eb4863adf330f7b416ca4f4a08132e453e08de2db46459256fb66afaac5ee758b44fe6541b7cdaf9d252e59585
  languageName: node
  linkType: hard

"path-exists-cli@npm:2.0.0":
  version: 2.0.0
  resolution: "path-exists-cli@npm:2.0.0"
  dependencies:
    meow: "npm:^10.1.1"
    path-exists: "npm:^5.0.0"
  bin:
    path-exists: cli.js
  checksum: 10c0/25b7ef80970641f7734c4367accf10e6cb36f881f0f93754cd94532d6847299cbe2930e6eaaed662fded26132372e527c9e9fa02271dbd14628d890134927480
  languageName: node
  linkType: hard

"path-exists@npm:^4.0.0":
  version: 4.0.0
  resolution: "path-exists@npm:4.0.0"
  checksum: 10c0/8c0bd3f5238188197dc78dced15207a4716c51cc4e3624c44fc97acf69558f5ebb9a2afff486fe1b4ee148e0c133e96c5e11a9aa5c48a3006e3467da070e5e1b
  languageName: node
  linkType: hard

"path-exists@npm:^5.0.0":
  version: 5.0.0
  resolution: "path-exists@npm:5.0.0"
  checksum: 10c0/b170f3060b31604cde93eefdb7392b89d832dfbc1bed717c9718cbe0f230c1669b7e75f87e19901da2250b84d092989a0f9e44d2ef41deb09aa3ad28e691a40a
  languageName: node
  linkType: hard

"picocolors@npm:^1.1.1":
  version: 1.1.1
  resolution: "picocolors@npm:1.1.1"
  checksum: 10c0/e2e3e8170ab9d7c7421969adaa7e1b31434f789afb9b3f115f6b96d91945041ac3ceb02e9ec6fe6510ff036bcc0bf91e69a1772edc0b707e12b19c0f2d6bcf58
  languageName: node
  linkType: hard

"proxy-from-env@npm:^1.1.0":
  version: 1.1.0
  resolution: "proxy-from-env@npm:1.1.0"
  checksum: 10c0/fe7dd8b1bdbbbea18d1459107729c3e4a2243ca870d26d34c2c1bcd3e4425b7bcc5112362df2d93cc7fb9746f6142b5e272fd1cc5c86ddf8580175186f6ad42b
  languageName: node
  linkType: hard

"quick-lru@npm:^5.1.1":
  version: 5.1.1
  resolution: "quick-lru@npm:5.1.1"
  checksum: 10c0/a24cba5da8cec30d70d2484be37622580f64765fb6390a928b17f60cd69e8dbd32a954b3ff9176fa1b86d86ff2ba05252fae55dc4d40d0291c60412b0ad096da
  languageName: node
  linkType: hard

"read-pkg-up@npm:^8.0.0":
  version: 8.0.0
  resolution: "read-pkg-up@npm:8.0.0"
  dependencies:
    find-up: "npm:^5.0.0"
    read-pkg: "npm:^6.0.0"
    type-fest: "npm:^1.0.1"
  checksum: 10c0/cf3905ccbe5cd602f23192cc7ca65ed17561bab117eadb9aed817441d5bfc6b9a11215c2a3e9505f501d046818f3c4180dbea61fa83c42083e0b4e407d5cc745
  languageName: node
  linkType: hard

"read-pkg@npm:^6.0.0":
  version: 6.0.0
  resolution: "read-pkg@npm:6.0.0"
  dependencies:
    "@types/normalize-package-data": "npm:^2.4.0"
    normalize-package-data: "npm:^3.0.2"
    parse-json: "npm:^5.2.0"
    type-fest: "npm:^1.0.1"
  checksum: 10c0/b51ee5eed75324f4fac34c9a40b5e4b403de4c532242be01959c9bbdb1ff9db1c6c2aefaba569622fec49d1ead866e97ba856ab145f6e11039b11f7bec1318ba
  languageName: node
  linkType: hard

"redent@npm:^4.0.0":
  version: 4.0.0
  resolution: "redent@npm:4.0.0"
  dependencies:
    indent-string: "npm:^5.0.0"
    strip-indent: "npm:^4.0.0"
  checksum: 10c0/a9b640c8f4b2b5b26a1a908706475ff404dd50a97d6f094bc3c59717be922622927cc7d601d4ae2857d897ad243fd979bd76d751a0481cee8be7024e5fb4c662
  languageName: node
  linkType: hard

"safer-buffer@npm:>= 2.1.2 < 3":
  version: 2.1.2
  resolution: "safer-buffer@npm:2.1.2"
  checksum: 10c0/7e3c8b2e88a1841c9671094bbaeebd94448111dd90a81a1f606f3f67708a6ec57763b3b47f06da09fc6054193e0e6709e77325415dc8422b04497a8070fa02d4
  languageName: node
  linkType: hard

"semver@npm:^7.3.4":
  version: 7.7.2
  resolution: "semver@npm:7.7.2"
  bin:
    semver: bin/semver.js
  checksum: 10c0/aca305edfbf2383c22571cb7714f48cadc7ac95371b4b52362fb8eeffdfbc0de0669368b82b2b15978f8848f01d7114da65697e56cd8c37b0dab8c58e543f9ea
  languageName: node
  linkType: hard

"signal-exit@npm:^4.1.0":
  version: 4.1.0
  resolution: "signal-exit@npm:4.1.0"
  checksum: 10c0/41602dce540e46d599edba9d9860193398d135f7ff72cab629db5171516cfae628d21e7bfccde1bbfdf11c48726bc2a6d1a8fb8701125852fbfda7cf19c6aa83
  languageName: node
  linkType: hard

"spdx-correct@npm:^3.0.0":
  version: 3.2.0
  resolution: "spdx-correct@npm:3.2.0"
  dependencies:
    spdx-expression-parse: "npm:^3.0.0"
    spdx-license-ids: "npm:^3.0.0"
  checksum: 10c0/49208f008618b9119208b0dadc9208a3a55053f4fd6a0ae8116861bd22696fc50f4142a35ebfdb389e05ccf2de8ad142573fefc9e26f670522d899f7b2fe7386
  languageName: node
  linkType: hard

"spdx-exceptions@npm:^2.1.0":
  version: 2.5.0
  resolution: "spdx-exceptions@npm:2.5.0"
  checksum: 10c0/37217b7762ee0ea0d8b7d0c29fd48b7e4dfb94096b109d6255b589c561f57da93bf4e328c0290046115961b9209a8051ad9f525e48d433082fc79f496a4ea940
  languageName: node
  linkType: hard

"spdx-expression-parse@npm:^3.0.0":
  version: 3.0.1
  resolution: "spdx-expression-parse@npm:3.0.1"
  dependencies:
    spdx-exceptions: "npm:^2.1.0"
    spdx-license-ids: "npm:^3.0.0"
  checksum: 10c0/6f8a41c87759fa184a58713b86c6a8b028250f158159f1d03ed9d1b6ee4d9eefdc74181c8ddc581a341aa971c3e7b79e30b59c23b05d2436d5de1c30bdef7171
  languageName: node
  linkType: hard

"spdx-license-ids@npm:^3.0.0":
  version: 3.0.21
  resolution: "spdx-license-ids@npm:3.0.21"
  checksum: 10c0/ecb24c698d8496aa9efe23e0b1f751f8a7a89faedcdfcbfabae772b546c2db46ccde8f3bc447a238eb86bbcd4f73fea88720ef3b8394f7896381bec3d7736411
  languageName: node
  linkType: hard

"spotify-sort-helper@workspace:.":
  version: 0.0.0-use.local
  resolution: "spotify-sort-helper@workspace:."
  dependencies:
    "@inquirer/prompts": "npm:^7.5.3"
    "@types/node": "npm:^24.0.4"
    bottleneck: "npm:^2.19.5"
    csv-parser: "npm:^3.2.0"
    fast-fuzzy: "npm:^1.12.0"
    typescript: "npm:^5.8.3"
    wikipedia: "npm:^2.1.2"
    wtf_wikipedia: "npm:^10.4.0"
  languageName: unknown
  linkType: soft

"string-width@npm:^4.1.0":
  version: 4.2.3
  resolution: "string-width@npm:4.2.3"
  dependencies:
    emoji-regex: "npm:^8.0.0"
    is-fullwidth-code-point: "npm:^3.0.0"
    strip-ansi: "npm:^6.0.1"
  checksum: 10c0/1e525e92e5eae0afd7454086eed9c818ee84374bb80328fc41217ae72ff5f065ef1c9d7f72da41de40c75fa8bb3dee63d92373fd492c84260a552c636392a47b
  languageName: node
  linkType: hard

"strip-ansi@npm:^6.0.0, strip-ansi@npm:^6.0.1":
  version: 6.0.1
  resolution: "strip-ansi@npm:6.0.1"
  dependencies:
    ansi-regex: "npm:^5.0.1"
  checksum: 10c0/1ae5f212a126fe5b167707f716942490e3933085a5ff6c008ab97ab2f272c8025d3aa218b7bd6ab25729ca20cc81cddb252102f8751e13482a5199e873680952
  languageName: node
  linkType: hard

"strip-indent@npm:^4.0.0":
  version: 4.0.0
  resolution: "strip-indent@npm:4.0.0"
  dependencies:
    min-indent: "npm:^1.0.1"
  checksum: 10c0/6b1fb4e22056867f5c9e7a6f3f45922d9a2436cac758607d58aeaac0d3b16ec40b1c43317de7900f1b8dd7a4107352fa47fb960f2c23566538c51e8585c8870e
  languageName: node
  linkType: hard

"tiny-inflate@npm:^1.0.0":
  version: 1.0.3
  resolution: "tiny-inflate@npm:1.0.3"
  checksum: 10c0/fab687537254f6ec44c9a2e880048fe70da3542aba28f73cda3e74c95cabf342a339372f2a6c032e322324f01accc03ca26c04ba2bad9b3eb8cf3ee99bba7f9b
  languageName: node
  linkType: hard

"tmp@npm:^0.0.33":
  version: 0.0.33
  resolution: "tmp@npm:0.0.33"
  dependencies:
    os-tmpdir: "npm:~1.0.2"
  checksum: 10c0/69863947b8c29cabad43fe0ce65cec5bb4b481d15d4b4b21e036b060b3edbf3bc7a5541de1bacb437bb3f7c4538f669752627fdf9b4aaf034cebd172ba373408
  languageName: node
  linkType: hard

"tr46@npm:~0.0.3":
  version: 0.0.3
  resolution: "tr46@npm:0.0.3"
  checksum: 10c0/047cb209a6b60c742f05c9d3ace8fa510bff609995c129a37ace03476a9b12db4dbf975e74600830ef0796e18882b2381fb5fb1f6b4f96b832c374de3ab91a11
  languageName: node
  linkType: hard

"trim-newlines@npm:^4.0.2":
  version: 4.1.1
  resolution: "trim-newlines@npm:4.1.1"
  checksum: 10c0/70e60e652305efd0dda1f2bce1a5edc9bb5834a2e00d05dfde178715ec48faa8264a2bc1a7efc593b7936d03f6d42c398616329eef44b7bd5070180a02056981
  languageName: node
  linkType: hard

"type-fest@npm:^0.21.3":
  version: 0.21.3
  resolution: "type-fest@npm:0.21.3"
  checksum: 10c0/902bd57bfa30d51d4779b641c2bc403cdf1371fb9c91d3c058b0133694fcfdb817aef07a47f40faf79039eecbaa39ee9d3c532deff244f3a19ce68cea71a61e8
  languageName: node
  linkType: hard

"type-fest@npm:^1.0.1, type-fest@npm:^1.2.1, type-fest@npm:^1.2.2":
  version: 1.4.0
  resolution: "type-fest@npm:1.4.0"
  checksum: 10c0/a3c0f4ee28ff6ddf800d769eafafcdeab32efa38763c1a1b8daeae681920f6e345d7920bf277245235561d8117dab765cb5f829c76b713b4c9de0998a5397141
  languageName: node
  linkType: hard

"typescript@npm:^5.8.3":
  version: 5.8.3
  resolution: "typescript@npm:5.8.3"
  bin:
    tsc: bin/tsc
    tsserver: bin/tsserver
  checksum: 10c0/5f8bb01196e542e64d44db3d16ee0e4063ce4f3e3966df6005f2588e86d91c03e1fb131c2581baf0fb65ee79669eea6e161cd448178986587e9f6844446dbb48
  languageName: node
  linkType: hard

"typescript@patch:typescript@npm%3A^5.8.3#optional!builtin<compat/typescript>":
  version: 5.8.3
  resolution: "typescript@patch:typescript@npm%3A5.8.3#optional!builtin<compat/typescript>::version=5.8.3&hash=5786d5"
  bin:
    tsc: bin/tsc
    tsserver: bin/tsserver
  checksum: 10c0/39117e346ff8ebd87ae1510b3a77d5d92dae5a89bde588c747d25da5c146603a99c8ee588c7ef80faaf123d89ed46f6dbd918d534d641083177d5fac38b8a1cb
  languageName: node
  linkType: hard

"undici-types@npm:~7.8.0":
  version: 7.8.0
  resolution: "undici-types@npm:7.8.0"
  checksum: 10c0/9d9d246d1dc32f318d46116efe3cfca5a72d4f16828febc1918d94e58f6ffcf39c158aa28bf5b4fc52f410446bc7858f35151367bd7a49f21746cab6497b709b
  languageName: node
  linkType: hard

"unfetch@npm:^4.2.0":
  version: 4.2.0
  resolution: "unfetch@npm:4.2.0"
  checksum: 10c0/a5c0a896a6f09f278b868075aea65652ad185db30e827cb7df45826fe5ab850124bf9c44c4dafca4bf0c55a0844b17031e8243467fcc38dd7a7d435007151f1b
  languageName: node
  linkType: hard

"unicode-trie@npm:^2.0.0":
  version: 2.0.0
  resolution: "unicode-trie@npm:2.0.0"
  dependencies:
    pako: "npm:^0.2.5"
    tiny-inflate: "npm:^1.0.0"
  checksum: 10c0/2422368645249f315640a1c9e9506046aa7738fc9c5d59e15c207cdd6ec66101c35b0b9f75dc3ac28fe7be19aaf1efc898bbea074fa1e8e295ef736aeb7904bb
  languageName: node
  linkType: hard

"validate-npm-package-license@npm:^3.0.1":
  version: 3.0.4
  resolution: "validate-npm-package-license@npm:3.0.4"
  dependencies:
    spdx-correct: "npm:^3.0.0"
    spdx-expression-parse: "npm:^3.0.0"
  checksum: 10c0/7b91e455a8de9a0beaa9fe961e536b677da7f48c9a493edf4d4d4a87fd80a7a10267d438723364e432c2fcd00b5650b5378275cded362383ef570276e6312f4f
  languageName: node
  linkType: hard

"webidl-conversions@npm:^3.0.0":
  version: 3.0.1
  resolution: "webidl-conversions@npm:3.0.1"
  checksum: 10c0/5612d5f3e54760a797052eb4927f0ddc01383550f542ccd33d5238cfd65aeed392a45ad38364970d0a0f4fea32e1f4d231b3d8dac4a3bdd385e5cf802ae097db
  languageName: node
  linkType: hard

"whatwg-url@npm:^5.0.0":
  version: 5.0.0
  resolution: "whatwg-url@npm:5.0.0"
  dependencies:
    tr46: "npm:~0.0.3"
    webidl-conversions: "npm:^3.0.0"
  checksum: 10c0/1588bed84d10b72d5eec1d0faa0722ba1962f1821e7539c535558fb5398d223b0c50d8acab950b8c488b4ba69043fd833cc2697056b167d8ad46fac3995a55d5
  languageName: node
  linkType: hard

"wikipedia@npm:^2.1.2":
  version: 2.1.2
  resolution: "wikipedia@npm:2.1.2"
  dependencies:
    axios: "npm:^1.4.0"
    infobox-parser: "npm:^3.6.2"
  checksum: 10c0/6256951596f3dcf2d01820e65e2d320d32116638c8f5270e6e9493278549ce2afa5cd2c794c876bf4c2fdd5fe4bb870cfaee53fe19528cdf3b3e4edb7a6bb477
  languageName: node
  linkType: hard

"wrap-ansi@npm:^6.2.0":
  version: 6.2.0
  resolution: "wrap-ansi@npm:6.2.0"
  dependencies:
    ansi-styles: "npm:^4.0.0"
    string-width: "npm:^4.1.0"
    strip-ansi: "npm:^6.0.0"
  checksum: 10c0/baad244e6e33335ea24e86e51868fe6823626e3a3c88d9a6674642afff1d34d9a154c917e74af8d845fd25d170c4ea9cf69a47133c3f3656e1252b3d462d9f6c
  languageName: node
  linkType: hard

"wtf_wikipedia@npm:^10.4.0":
  version: 10.4.0
  resolution: "wtf_wikipedia@npm:10.4.0"
  dependencies:
    isomorphic-unfetch: "npm:^3.1.0"
    path-exists-cli: "npm:2.0.0"
  bin:
    wtf_wikipedia: cli.js
  checksum: 10c0/670c1fc449b8460d81365011dad3ba3392b56b32687e59a513b9283fe0a602878b618e7110ac43682de5cd43fec36c10bbaa214936298fd6cfe2d90eed34b09b
  languageName: node
  linkType: hard

"yallist@npm:^4.0.0":
  version: 4.0.0
  resolution: "yallist@npm:4.0.0"
  checksum: 10c0/2286b5e8dbfe22204ab66e2ef5cc9bbb1e55dfc873bbe0d568aa943eb255d131890dfd5bf243637273d31119b870f49c18fcde2c6ffbb7a7a092b870dc90625a
  languageName: node
  linkType: hard

"yargs-parser@npm:^20.2.9":
  version: 20.2.9
  resolution: "yargs-parser@npm:20.2.9"
  checksum: 10c0/0685a8e58bbfb57fab6aefe03c6da904a59769bd803a722bb098bd5b0f29d274a1357762c7258fb487512811b8063fb5d2824a3415a0a4540598335b3b086c72
  languageName: node
  linkType: hard

"yocto-queue@npm:^0.1.0":
  version: 0.1.0
  resolution: "yocto-queue@npm:0.1.0"
  checksum: 10c0/dceb44c28578b31641e13695d200d34ec4ab3966a5729814d5445b194933c096b7ced71494ce53a0e8820685d1d010df8b2422e5bf2cdea7e469d97ffbea306f
  languageName: node
  linkType: hard

"yoctocolors-cjs@npm:^2.1.2":
  version: 2.1.2
  resolution: "yoctocolors-cjs@npm:2.1.2"
  checksum: 10c0/a0e36eb88fea2c7981eab22d1ba45e15d8d268626e6c4143305e2c1628fa17ebfaa40cd306161a8ce04c0a60ee0262058eab12567493d5eb1409780853454c6f
  languageName: node
  linkType: hard
